{
  "lockfileVersion": 1,
  "configVersion": 1,
  "workspaces": {
    "": {
      "name": "minh-agent",
      "dependencies": {
        "@nktkas/hyperliquid": "^0.32.2",
        "postgres": "^3.4.8",
      },
      "devDependencies": {
        "@types/bun": "latest",
      },
    },
  },
  "packages": {
    "@nktkas/hyperliquid": ["@nktkas/hyperliquid@0.32.2", "", { "dependencies": { "@nktkas/rews": "^2", "@noble/hashes": "^2", "valibot": "1.3.1" } }, "sha512-0Wh/keNAgnfdA/cLmdJDDzTZq/CSoT3lL/eY+MzF9R5U10d5J6nin/sEaH5HA+9K8CIag36ZtZ9dCxDvYEb0nw=="],

    "@nktkas/rews": ["@nktkas/rews@2.0.2", "", {}, "sha512-Erc8E7Q/tr9kCcdOvtJxz3TjpowMZMfUx9cbBuWqtty126p84HlySmoXTfzhtpJy3Poov3e+a1FRe9Pwa7+Gcw=="],

    "@noble/hashes": ["@noble/hashes@2.0.1", "", {}, "sha512-XlOlEbQcE9fmuXxrVTXCTlG2nlRXa9Rj3rr5Ue/+tX+nmkgbX720YHh0VR3hBF9xDvwnb8D2shVGOwNx+ulArw=="],

    "@types/bun": ["@types/bun@1.3.11", "", { "dependencies": { "bun-types": "1.3.11" } }, "sha512-5vPne5QvtpjGpsGYXiFyycfpDF2ECyPcTSsFBMa0fraoxiQyMJ3SmuQIGhzPg2WJuWxVBoxWJ2kClYTcw/4fAg=="],

    "@types/node": ["@types/node@25.5.0", "", { "dependencies": { "undici-types": "~7.18.0" } }, "sha512-jp2P3tQMSxWugkCUKLRPVUpGaL5MVFwF8RDuSRztfwgN1wmqJeMSbKlnEtQqU8UrhTmzEmZdu2I6v2dpp7XIxw=="],

    "bun-types": ["bun-types@1.3.11", "", { "dependencies": { "@types/node": "*" } }, "sha512-1KGPpoxQWl9f6wcZh57LvrPIInQMn2TQ7jsgxqpRzg+l0QPOFvJVH7HmvHo/AiPgwXy+/Thf6Ov3EdVn1vOabg=="],

    "postgres": ["postgres@3.4.8", "", {}, "sha512-d+JFcLM17njZaOLkv6SCev7uoLaBtfK86vMUXhW1Z4glPWh4jozno9APvW/XKFJ3CCxVoC7OL38BqRydtu5nGg=="],

    "undici-types": ["undici-types@7.18.2", "", {}, "sha512-AsuCzffGHJybSaRrmr5eHr81mwJU3kjw6M+uprWvCXiNeN9SOGwQ3Jn8jb8m3Z6izVgknn1R0FTCEAP2QrLY/w=="],

    "valibot": ["valibot@1.3.1", "", { "peerDependencies": { "typescript": ">=5" }, "optionalPeers": ["typescript"] }, "sha512-sfdRir/QFM0JaF22hqTroPc5xy4DimuGQVKFrzF1YfGwaS1nJot3Y8VqMdLO2Lg27fMzat2yD3pY5PbAYO39Gg=="],
  }
}
